{
  "name": "invented",
  "version": "0.0.1",
  "lockfileVersion": 1,
  "requires": true,
  "dependencies": {
    "@types/css": {
      "version": "0.0.30",
      "resolved": "https://registry.npmjs.org/@types/css/-/css-0.0.30.tgz",
      "integrity": "sha1-BtwYuxwB08KBxhsmfbr57FsrsNY="
    }
  }
}
